
Microsoft Visual Studio Solution File, Format Version 12.00
# Visual Studio Version 17
VisualStudioVersion = 17.4.33110.190
MinimumVisualStudioVersion = 10.0.40219.1
Project("{FAE04EC0-301F-11D3-BF4B-00C04F79EFBC}") = "APVacationSim", "APVacationSim.csproj", "{05C6F3AE-F18C-4A32-979D-3954BB38C684}"
EndProject
Global
	GlobalSection(SolutionConfigurationPlatforms) = preSolution
		Debug|Any CPU = Debug|Any CPU
		Release|Any CPU = Release|Any CPU
	EndGlobalSection
	GlobalSection(ProjectConfigurationPlatforms) = postSolution
		{05C6F3AE-F18C-4A32-979D-3954BB38C684}.Debug|Any CPU.ActiveCfg = Debug|Any CPU
		{05C6F3AE-F18C-4A32-979D-3954BB38C684}.Debug|Any CPU.Build.0 = Debug|Any CPU
		{05C6F3AE-F18C-4A32-979D-3954BB38C684}.Release|Any CPU.ActiveCfg = Release|Any CPU
		{05C6F3AE-F18C-4A32-979D-3954BB38C684}.Release|Any CPU.Build.0 = Release|Any CPU
	EndGlobalSection
	GlobalSection(SolutionProperties) = preSolution
		HideSolutionNode = FALSE
	EndGlobalSection
	GlobalSection(ExtensibilityGlobals) = postSolution
		SolutionGuid = {B67D35AE-1A26-43D1-998A-5A58E3924BEC}
	EndGlobalSection
EndGlobal
